// !$*UTF8*$!
{
	archiveVersion = 1;
	classes = {
	};
	objectVersion = 50;
	objects = {

/* Begin PBXBuildFile section */
		8D5FED13217AE33700C2108B /* HomeViewController.swift in Sources */ = {isa = PBXBuildFile; fileRef = 8D5FED12217AE33700C2108B /* HomeViewController.swift */; };
		8D5FED15217AEE0100C2108B /* MenuViewController.swift in Sources */ = {isa = PBXBuildFile; fileRef = 8D5FED14217AEE0100C2108B /* MenuViewController.swift */; };
		8D5FED17217AEE3C00C2108B /* BaseViewController.swift in Sources */ = {isa = PBXBuildFile; fileRef = 8D5FED16217AEE3C00C2108B /* BaseViewController.swift */; };
		8D5FED19217AF71D00C2108B /* TableViewCustomCell.swift in Sources */ = {isa = PBXBuildFile; fileRef = 8D5FED18217AF71D00C2108B /* TableViewCustomCell.swift */; };
		8D5FED1B217AF80000C2108B /* NewsViewController.swift in Sources */ = {isa = PBXBuildFile; fileRef = 8D5FED1A217AF80000C2108B /* NewsViewController.swift */; };
		8D5FED1D217AF87F00C2108B /* MyRSSViewController.swift in Sources */ = {isa = PBXBuildFile; fileRef = 8D5FED1C217AF87F00C2108B /* MyRSSViewController.swift */; };
		8D5FED21217B9F1200C2108B /* RSSParser.swift in Sources */ = {isa = PBXBuildFile; fileRef = 8D5FED20217B9F1200C2108B /* RSSParser.swift */; };
		8DA76832217AD3050034A419 /* AppDelegate.swift in Sources */ = {isa = PBXBuildFile; fileRef = 8DA76831217AD3050034A419 /* AppDelegate.swift */; };
		8DA76834217AD3050034A419 /* ViewController.swift in Sources */ = {isa = PBXBuildFile; fileRef = 8DA76833217AD3050034A419 /* ViewController.swift */; };
		8DA76837217AD3050034A419 /* Main.storyboard in Resources */ = {isa = PBXBuildFile; fileRef = 8DA76835217AD3050034A419 /* Main.storyboard */; };
		8DA7683A217AD3060034A419 /* LectorRSS.xcdatamodeld in Sources */ = {isa = PBXBuildFile; fileRef = 8DA76838217AD3060034A419 /* LectorRSS.xcdatamodeld */; };
		8DA7683C217AD30B0034A419 /* Assets.xcassets in Resources */ = {isa = PBXBuildFile; fileRef = 8DA7683B217AD30B0034A419 /* Assets.xcassets */; };
		8DA7683F217AD30B0034A419 /* LaunchScreen.storyboard in Resources */ = {isa = PBXBuildFile; fileRef = 8DA7683D217AD30B0034A419 /* LaunchScreen.storyboard */; };
		8DA7684A217AD30B0034A419 /* LectorRSSTests.swift in Sources */ = {isa = PBXBuildFile; fileRef = 8DA76849217AD30B0034A419 /* LectorRSSTests.swift */; };
		8DA76855217AD30B0034A419 /* LectorRSSUITests.swift in Sources */ = {isa = PBXBuildFile; fileRef = 8DA76854217AD30B0034A419 /* LectorRSSUITests.swift */; };
		8DA768A4217ADF1A0034A419 /* GlobalFunctions.swift in Sources */ = {isa = PBXBuildFile; fileRef = 8DA768A3217ADF1A0034A419 /* GlobalFunctions.swift */; };
		8DA768A6217ADF440034A419 /* GlobalConstants.swift in Sources */ = {isa = PBXBuildFile; fileRef = 8DA768A5217ADF440034A419 /* GlobalConstants.swift */; };
/* End PBXBuildFile section */

/* Begin PBXContainerItemProxy section */
		8DA76846217AD30B0034A419 /* PBXContainerItemProxy */ = {
			isa = PBXContainerItemProxy;
			containerPortal = 8DA76826217AD3050034A419 /* Project object */;
			proxyType = 1;
			remoteGlobalIDString = 8DA7682D217AD3050034A419;
			remoteInfo = LectorRSS;
		};
		8DA76851217AD30B0034A419 /* PBXContainerItemProxy */ = {
			isa = PBXContainerItemProxy;
			containerPortal = 8DA76826217AD3050034A419 /* Project object */;
			proxyType = 1;
			remoteGlobalIDString = 8DA7682D217AD3050034A419;
			remoteInfo = LectorRSS;
		};
/* End PBXContainerItemProxy section */

/* Begin PBXFileReference section */
		8D5FED12217AE33700C2108B /* HomeViewController.swift */ = {isa = PBXFileReference; lastKnownFileType = sourcecode.swift; path = HomeViewController.swift; sourceTree = "<group>"; };
		8D5FED14217AEE0100C2108B /* MenuViewController.swift */ = {isa = PBXFileReference; lastKnownFileType = sourcecode.swift; path = MenuViewController.swift; sourceTree = "<group>"; };
		8D5FED16217AEE3C00C2108B /* BaseViewController.swift */ = {isa = PBXFileReference; lastKnownFileType = sourcecode.swift; path = BaseViewController.swift; sourceTree = "<group>"; };
		8D5FED18217AF71D00C2108B /* TableViewCustomCell.swift */ = {isa = PBXFileReference; lastKnownFileType = sourcecode.swift; path = TableViewCustomCell.swift; sourceTree = "<group>"; };
		8D5FED1A217AF80000C2108B /* NewsViewController.swift */ = {isa = PBXFileReference; lastKnownFileType = sourcecode.swift; path = NewsViewController.swift; sourceTree = "<group>"; };
		8D5FED1C217AF87F00C2108B /* MyRSSViewController.swift */ = {isa = PBXFileReference; lastKnownFileType = sourcecode.swift; path = MyRSSViewController.swift; sourceTree = "<group>"; };
		8D5FED20217B9F1200C2108B /* RSSParser.swift */ = {isa = PBXFileReference; lastKnownFileType = sourcecode.swift; path = RSSParser.swift; sourceTree = "<group>"; };
		8DA7682E217AD3050034A419 /* LectorRSS.app */ = {isa = PBXFileReference; explicitFileType = wrapper.application; includeInIndex = 0; path = LectorRSS.app; sourceTree = BUILT_PRODUCTS_DIR; };
		8DA76831217AD3050034A419 /* AppDelegate.swift */ = {isa = PBXFileReference; lastKnownFileType = sourcecode.swift; path = AppDelegate.swift; sourceTree = "<group>"; };
		8DA76833217AD3050034A419 /* ViewController.swift */ = {isa = PBXFileReference; lastKnownFileType = sourcecode.swift; path = ViewController.swift; sourceTree = "<group>"; };
		8DA76836217AD3050034A419 /* Base */ = {isa = PBXFileReference; lastKnownFileType = file.storyboard; name = Base; path = Base.lproj/Main.storyboard; sourceTree = "<group>"; };
		8DA76839217AD3060034A419 /* LectorRSS.xcdatamodel */ = {isa = PBXFileReference; lastKnownFileType = wrapper.xcdatamodel; path = LectorRSS.xcdatamodel; sourceTree = "<group>"; };
		8DA7683B217AD30B0034A419 /* Assets.xcassets */ = {isa = PBXFileReference; lastKnownFileType = folder.assetcatalog; path = Assets.xcassets; sourceTree = "<group>"; };
		8DA7683E217AD30B0034A419 /* Base */ = {isa = PBXFileReference; lastKnownFileType = file.storyboard; name = Base; path = Base.lproj/LaunchScreen.storyboard; sourceTree = "<group>"; };
		8DA76840217AD30B0034A419 /* Info.plist */ = {isa = PBXFileReference; lastKnownFileType = text.plist.xml; path = Info.plist; sourceTree = "<group>"; };
		8DA76845217AD30B0034A419 /* LectorRSSTests.xctest */ = {isa = PBXFileReference; explicitFileType = wrapper.cfbundle; includeInIndex = 0; path = LectorRSSTests.xctest; sourceTree = BUILT_PRODUCTS_DIR; };
		8DA76849217AD30B0034A419 /* LectorRSSTests.swift */ = {isa = PBXFileReference; lastKnownFileType = sourcecode.swift; path = LectorRSSTests.swift; sourceTree = "<group>"; };
		8DA7684B217AD30B0034A419 /* Info.plist */ = {isa = PBXFileReference; lastKnownFileType = text.plist.xml; path = Info.plist; sourceTree = "<group>"; };
		8DA76850217AD30B0034A419 /* LectorRSSUITests.xctest */ = {isa = PBXFileReference; explicitFileType = wrapper.cfbundle; includeInIndex = 0; path = LectorRSSUITests.xctest; sourceTree = BUILT_PRODUCTS_DIR; };
		8DA76854217AD30B0034A419 /* LectorRSSUITests.swift */ = {isa = PBXFileReference; lastKnownFileType = sourcecode.swift; path = LectorRSSUITests.swift; sourceTree = "<group>"; };
		8DA76856217AD30B0034A419 /* Info.plist */ = {isa = PBXFileReference; lastKnownFileType = text.plist.xml; path = Info.plist; sourceTree = "<group>"; };
		8DA768A3217ADF1A0034A419 /* GlobalFunctions.swift */ = {isa = PBXFileReference; lastKnownFileType = sourcecode.swift; path = GlobalFunctions.swift; sourceTree = "<group>"; };
		8DA768A5217ADF440034A419 /* GlobalConstants.swift */ = {isa = PBXFileReference; lastKnownFileType = sourcecode.swift; path = GlobalConstants.swift; sourceTree = "<group>"; };
/* End PBXFileReference section */

/* Begin PBXFrameworksBuildPhase section */
		8DA7682B217AD3050034A419 /* Frameworks */ = {
			isa = PBXFrameworksBuildPhase;
			buildActionMask = 2147483647;
			files = (
			);
			runOnlyForDeploymentPostprocessing = 0;
		};
		8DA76842217AD30B0034A419 /* Frameworks */ = {
			isa = PBXFrameworksBuildPhase;
			buildActionMask = 2147483647;
			files = (
			);
			runOnlyForDeploymentPostprocessing = 0;
		};
		8DA7684D217AD30B0034A419 /* Frameworks */ = {
			isa = PBXFrameworksBuildPhase;
			buildActionMask = 2147483647;
			files = (
			);
			runOnlyForDeploymentPostprocessing = 0;
		};
/* End PBXFrameworksBuildPhase section */

/* Begin PBXGroup section */
		8DA76825217AD3050034A419 = {
			isa = PBXGroup;
			children = (
				8DA76830217AD3050034A419 /* LectorRSS */,
				8DA76848217AD30B0034A419 /* LectorRSSTests */,
				8DA76853217AD30B0034A419 /* LectorRSSUITests */,
				8DA7682F217AD3050034A419 /* Products */,
			);
			sourceTree = "<group>";
		};
		8DA7682F217AD3050034A419 /* Products */ = {
			isa = PBXGroup;
			children = (
				8DA7682E217AD3050034A419 /* LectorRSS.app */,
				8DA76845217AD30B0034A419 /* LectorRSSTests.xctest */,
				8DA76850217AD30B0034A419 /* LectorRSSUITests.xctest */,
			);
			name = Products;
			sourceTree = "<group>";
		};
		8DA76830217AD3050034A419 /* LectorRSS */ = {
			isa = PBXGroup;
			children = (
				8DA76831217AD3050034A419 /* AppDelegate.swift */,
				8DA76833217AD3050034A419 /* ViewController.swift */,
				8D5FED12217AE33700C2108B /* HomeViewController.swift */,
				8D5FED1A217AF80000C2108B /* NewsViewController.swift */,
				8D5FED1C217AF87F00C2108B /* MyRSSViewController.swift */,
				8D5FED20217B9F1200C2108B /* RSSParser.swift */,
				8D5FED18217AF71D00C2108B /* TableViewCustomCell.swift */,
				8D5FED14217AEE0100C2108B /* MenuViewController.swift */,
				8D5FED16217AEE3C00C2108B /* BaseViewController.swift */,
				8DA768A5217ADF440034A419 /* GlobalConstants.swift */,
				8DA768A3217ADF1A0034A419 /* GlobalFunctions.swift */,
				8DA76835217AD3050034A419 /* Main.storyboard */,
				8DA7683B217AD30B0034A419 /* Assets.xcassets */,
				8DA7683D217AD30B0034A419 /* LaunchScreen.storyboard */,
				8DA76840217AD30B0034A419 /* Info.plist */,
				8DA76838217AD3060034A419 /* LectorRSS.xcdatamodeld */,
			);
			path = LectorRSS;
			sourceTree = "<group>";
		};
		8DA76848217AD30B0034A419 /* LectorRSSTests */ = {
			isa = PBXGroup;
			children = (
				8DA76849217AD30B0034A419 /* LectorRSSTests.swift */,
				8DA7684B217AD30B0034A419 /* Info.plist */,
			);
			path = LectorRSSTests;
			sourceTree = "<group>";
		};
		8DA76853217AD30B0034A419 /* LectorRSSUITests */ = {
			isa = PBXGroup;
			children = (
				8DA76854217AD30B0034A419 /* LectorRSSUITests.swift */,
				8DA76856217AD30B0034A419 /* Info.plist */,
			);
			path = LectorRSSUITests;
			sourceTree = "<group>";
		};
/* End PBXGroup section */

/* Begin PBXNativeTarget section */
		8DA7682D217AD3050034A419 /* LectorRSS */ = {
			isa = PBXNativeTarget;
			buildConfigurationList = 8DA76859217AD30B0034A419 /* Build configuration list for PBXNativeTarget "LectorRSS" */;
			buildPhases = (
				8DA7682A217AD3050034A419 /* Sources */,
				8DA7682B217AD3050034A419 /* Frameworks */,
				8DA7682C217AD3050034A419 /* Resources */,
			);
			buildRules = (
			);
			dependencies = (
			);
			name = LectorRSS;
			productName = LectorRSS;
			productReference = 8DA7682E217AD3050034A419 /* LectorRSS.app */;
			productType = "com.apple.product-type.application";
		};
		8DA76844217AD30B0034A419 /* LectorRSSTests */ = {
			isa = PBXNativeTarget;
			buildConfigurationList = 8DA7685C217AD30B0034A419 /* Build configuration list for PBXNativeTarget "LectorRSSTests" */;
			buildPhases = (
				8DA76841217AD30B0034A419 /* Sources */,
				8DA76842217AD30B0034A419 /* Frameworks */,
				8DA76843217AD30B0034A419 /* Resources */,
			);
			buildRules = (
			);
			dependencies = (
				8DA76847217AD30B0034A419 /* PBXTargetDependency */,
			);
			name = LectorRSSTests;
			productName = LectorRSSTests;
			productReference = 8DA76845217AD30B0034A419 /* LectorRSSTests.xctest */;
			productType = "com.apple.product-type.bundle.unit-test";
		};
		8DA7684F217AD30B0034A419 /* LectorRSSUITests */ = {
			isa = PBXNativeTarget;
			buildConfigurationList = 8DA7685F217AD30B0034A419 /* Build configuration list for PBXNativeTarget "LectorRSSUITests" */;
			buildPhases = (
				8DA7684C217AD30B0034A419 /* Sources */,
				8DA7684D217AD30B0034A419 /* Frameworks */,
				8DA7684E217AD30B0034A419 /* Resources */,
			);
			buildRules = (
			);
			dependencies = (
				8DA76852217AD30B0034A419 /* PBXTargetDependency */,
			);
			name = LectorRSSUITests;
			productName = LectorRSSUITests;
			productReference = 8DA76850217AD30B0034A419 /* LectorRSSUITests.xctest */;
			productType = "com.apple.product-type.bundle.ui-testing";
		};
/* End PBXNativeTarget section */

/* Begin PBXProject section */
		8DA76826217AD3050034A419 /* Project object */ = {
			isa = PBXProject;
			attributes = {
				LastSwiftUpdateCheck = 1000;
				LastUpgradeCheck = 1000;
				ORGANIZATIONNAME = ccc;
				TargetAttributes = {
					8DA7682D217AD3050034A419 = {
						CreatedOnToolsVersion = 10.0;
					};
					8DA76844217AD30B0034A419 = {
						CreatedOnToolsVersion = 10.0;
						TestTargetID = 8DA7682D217AD3050034A419;
					};
					8DA7684F217AD30B0034A419 = {
						CreatedOnToolsVersion = 10.0;
						TestTargetID = 8DA7682D217AD3050034A419;
					};
				};
			};
			buildConfigurationList = 8DA76829217AD3050034A419 /* Build configuration list for PBXProject "LectorRSS" */;
			compatibilityVersion = "Xcode 9.3";
			developmentRegion = en;
			hasScannedForEncodings = 0;
			knownRegions = (
				en,
				Base,
			);
			mainGroup = 8DA76825217AD3050034A419;
			productRefGroup = 8DA7682F217AD3050034A419 /* Products */;
			projectDirPath = "";
			projectRoot = "";
			targets = (
				8DA7682D217AD3050034A419 /* LectorRSS */,
				8DA76844217AD30B0034A419 /* LectorRSSTests */,
				8DA7684F217AD30B0034A419 /* LectorRSSUITests */,
			);
		};
/* End PBXProject section */

/* Begin PBXResourcesBuildPhase section */
		8DA7682C217AD3050034A419 /* Resources */ = {
			isa = PBXResourcesBuildPhase;
			buildActionMask = 2147483647;
			files = (
				8DA7683F217AD30B0034A419 /* LaunchScreen.storyboard in Resources */,
				8DA7683C217AD30B0034A419 /* Assets.xcassets in Resources */,
				8DA76837217AD3050034A419 /* Main.storyboard in Resources */,
			);
			runOnlyForDeploymentPostprocessing = 0;
		};
		8DA76843217AD30B0034A419 /* Resources */ = {
			isa = PBXResourcesBuildPhase;
			buildActionMask = 2147483647;
			files = (
			);
			runOnlyForDeploymentPostprocessing = 0;
		};
		8DA7684E217AD30B0034A419 /* Resources */ = {
			isa = PBXResourcesBuildPhase;
			buildActionMask = 2147483647;
			files = (
			);
			runOnlyForDeploymentPostprocessing = 0;
		};
/* End PBXResourcesBuildPhase section */

/* Begin PBXSourcesBuildPhase section */
		8DA7682A217AD3050034A419 /* Sources */ = {
			isa = PBXSourcesBuildPhase;
			buildActionMask = 2147483647;
			files = (
				8D5FED19217AF71D00C2108B /* TableViewCustomCell.swift in Sources */,
				8DA76834217AD3050034A419 /* ViewController.swift in Sources */,
				8DA76832217AD3050034A419 /* AppDelegate.swift in Sources */,
				8D5FED21217B9F1200C2108B /* RSSParser.swift in Sources */,
				8D5FED1B217AF80000C2108B /* NewsViewController.swift in Sources */,
				8DA768A6217ADF440034A419 /* GlobalConstants.swift in Sources */,
				8D5FED15217AEE0100C2108B /* MenuViewController.swift in Sources */,
				8DA768A4217ADF1A0034A419 /* GlobalFunctions.swift in Sources */,
				8D5FED17217AEE3C00C2108B /* BaseViewController.swift in Sources */,
				8DA7683A217AD3060034A419 /* LectorRSS.xcdatamodeld in Sources */,
				8D5FED13217AE33700C2108B /* HomeViewController.swift in Sources */,
				8D5FED1D217AF87F00C2108B /* MyRSSViewController.swift in Sources */,
			);
			runOnlyForDeploymentPostprocessing = 0;
		};
		8DA76841217AD30B0034A419 /* Sources */ = {
			isa = PBXSourcesBuildPhase;
			buildActionMask = 2147483647;
			files = (
				8DA7684A217AD30B0034A419 /* LectorRSSTests.swift in Sources */,
			);
			runOnlyForDeploymentPostprocessing = 0;
		};
		8DA7684C217AD30B0034A419 /* Sources */ = {
			isa = PBXSourcesBuildPhase;
			buildActionMask = 2147483647;
			files = (
				8DA76855217AD30B0034A419 /* LectorRSSUITests.swift in Sources */,
			);
			runOnlyForDeploymentPostprocessing = 0;
		};
/* End PBXSourcesBuildPhase section */

/* Begin PBXTargetDependency section */
		8DA76847217AD30B0034A419 /* PBXTargetDependency */ = {
			isa = PBXTargetDependency;
			target = 8DA7682D217AD3050034A419 /* LectorRSS */;
			targetProxy = 8DA76846217AD30B0034A419 /* PBXContainerItemProxy */;
		};
		8DA76852217AD30B0034A419 /* PBXTargetDependency */ = {
			isa = PBXTargetDependency;
			target = 8DA7682D217AD3050034A419 /* LectorRSS */;
			targetProxy = 8DA76851217AD30B0034A419 /* PBXContainerItemProxy */;
		};
/* End PBXTargetDependency section */

/* Begin PBXVariantGroup section */
		8DA76835217AD3050034A419 /* Main.storyboard */ = {
			isa = PBXVariantGroup;
			children = (
				8DA76836217AD3050034A419 /* Base */,
			);
			name = Main.storyboard;
			sourceTree = "<group>";
		};
		8DA7683D217AD30B0034A419 /* LaunchScreen.storyboard */ = {
			isa = PBXVariantGroup;
			children = (
				8DA7683E217AD30B0034A419 /* Base */,
			);
			name = LaunchScreen.storyboard;
			sourceTree = "<group>";
		};
/* End PBXVariantGroup section */

/* Begin XCBuildConfiguration section */
		8DA76857217AD30B0034A419 /* Debug */ = {
			isa = XCBuildConfiguration;
			buildSettings = {
				ALWAYS_SEARCH_USER_PATHS = NO;
				CLANG_ANALYZER_NONNULL = YES;
				CLANG_ANALYZER_NUMBER_OBJECT_CONVERSION = YES_AGGRESSIVE;
				CLANG_CXX_LANGUAGE_STANDARD = "gnu++14";
				CLANG_CXX_LIBRARY = "libc++";
				CLANG_ENABLE_MODULES = YES;
				CLANG_ENABLE_OBJC_ARC = YES;
				CLANG_ENABLE_OBJC_WEAK = YES;
				CLANG_WARN_BLOCK_CAPTURE_AUTORELEASING = YES;
				CLANG_WARN_BOOL_CONVERSION = YES;
				CLANG_WARN_COMMA = YES;
				CLANG_WARN_CONSTANT_CONVERSION = YES;
				CLANG_WARN_DEPRECATED_OBJC_IMPLEMENTATIONS = YES;
				CLANG_WARN_DIRECT_OBJC_ISA_USAGE = YES_ERROR;
				CLANG_WARN_DOCUMENTATION_COMMENTS = YES;
				CLANG_WARN_EMPTY_BODY = YES;
				CLANG_WARN_ENUM_CONVERSION = YES;
				CLANG_WARN_INFINITE_RECURSION = YES;
				CLANG_WARN_INT_CONVERSION = YES;
				CLANG_WARN_NON_LITERAL_NULL_CONVERSION = YES;
				CLANG_WARN_OBJC_IMPLICIT_RETAIN_SELF = YES;
				CLANG_WARN_OBJC_LITERAL_CONVERSION = YES;
				CLANG_WARN_OBJC_ROOT_CLASS = YES_ERROR;
				CLANG_WARN_RANGE_LOOP_ANALYSIS = YES;
				CLANG_WARN_STRICT_PROTOTYPES = YES;
				CLANG_WARN_SUSPICIOUS_MOVE = YES;
				CLANG_WARN_UNGUARDED_AVAILABILITY = YES_AGGRESSIVE;
				CLANG_WARN_UNREACHABLE_CODE = YES;
				CLANG_WARN__DUPLICATE_METHOD_MATCH = YES;
				CODE_SIGN_IDENTITY = "iPhone Developer: garagedevsoluciones@gmail.com (AUZYU52NM2)";
				COPY_PHASE_STRIP = NO;
				DEBUG_INFORMATION_FORMAT = dwarf;
				DEVELOPMENT_TEAM = 7YB4SK3UWH;
				ENABLE_STRICT_OBJC_MSGSEND = YES;
				ENABLE_TESTABILITY = YES;
				GCC_C_LANGUAGE_STANDARD = gnu11;
				GCC_DYNAMIC_NO_PIC = NO;
				GCC_NO_COMMON_BLOCKS = YES;
				GCC_OPTIMIZATION_LEVEL = 0;
				GCC_PREPROCESSOR_DEFINITIONS = (
					"DEBUG=1",
					"$(inherited)",
				);
				GCC_WARN_64_TO_32_BIT_CONVERSION = YES;
				GCC_WARN_ABOUT_RETURN_TYPE = YES_ERROR;
				GCC_WARN_UNDECLARED_SELECTOR = YES;
				GCC_WARN_UNINITIALIZED_AUTOS = YES_AGGRESSIVE;
				GCC_WARN_UNUSED_FUNCTION = YES;
				GCC_WARN_UNUSED_VARIABLE = YES;
				IPHONEOS_DEPLOYMENT_TARGET = 12.0;
				MTL_ENABLE_DEBUG_INFO = INCLUDE_SOURCE;
				MTL_FAST_MATH = YES;
				ONLY_ACTIVE_ARCH = YES;
				SDKROOT = iphoneos;
				SWIFT_ACTIVE_COMPILATION_CONDITIONS = DEBUG;
				SWIFT_OPTIMIZATION_LEVEL = "-Onone";
			};
			name = Debug;
		};
		8DA76858217AD30B0034A419 /* Release */ = {
			isa = XCBuildConfiguration;
			buildSettings = {
				ALWAYS_SEARCH_USER_PATHS = NO;
				CLANG_ANALYZER_NONNULL = YES;
				CLANG_ANALYZER_NUMBER_OBJECT_CONVERSION = YES_AGGRESSIVE;
				CLANG_CXX_LANGUAGE_STANDARD = "gnu++14";
				CLANG_CXX_LIBRARY = "libc++";
				CLANG_ENABLE_MODULES = YES;
				CLANG_ENABLE_OBJC_ARC = YES;
				CLANG_ENABLE_OBJC_WEAK = YES;
				CLANG_WARN_BLOCK_CAPTURE_AUTORELEASING = YES;
				CLANG_WARN_BOOL_CONVERSION = YES;
				CLANG_WARN_COMMA = YES;
				CLANG_WARN_CONSTANT_CONVERSION = YES;
				CLANG_WARN_DEPRECATED_OBJC_IMPLEMENTATIONS = YES;
				CLANG_WARN_DIRECT_OBJC_ISA_USAGE = YES_ERROR;
				CLANG_WARN_DOCUMENTATION_COMMENTS = YES;
				CLANG_WARN_EMPTY_BODY = YES;
				CLANG_WARN_ENUM_CONVERSION = YES;
				CLANG_WARN_INFINITE_RECURSION = YES;
				CLANG_WARN_INT_CONVERSION = YES;
				CLANG_WARN_NON_LITERAL_NULL_CONVERSION = YES;
				CLANG_WARN_OBJC_IMPLICIT_RETAIN_SELF = YES;
				CLANG_WARN_OBJC_LITERAL_CONVERSION = YES;
				CLANG_WARN_OBJC_ROOT_CLASS = YES_ERROR;
				CLANG_WARN_RANGE_LOOP_ANALYSIS = YES;
				CLANG_WARN_STRICT_PROTOTYPES = YES;
				CLANG_WARN_SUSPICIOUS_MOVE = YES;
				CLANG_WARN_UNGUARDED_AVAILABILITY = YES_AGGRESSIVE;
				CLANG_WARN_UNREACHABLE_CODE = YES;
				CLANG_WARN__DUPLICATE_METHOD_MATCH = YES;
				CODE_SIGN_IDENTITY = "iPhone Developer: garagedevsoluciones@gmail.com (AUZYU52NM2)";
				COPY_PHASE_STRIP = NO;
				DEBUG_INFORMATION_FORMAT = "dwarf-with-dsym";
				DEVELOPMENT_TEAM = 7YB4SK3UWH;
				ENABLE_NS_ASSERTIONS = NO;
				ENABLE_STRICT_OBJC_MSGSEND = YES;
				GCC_C_LANGUAGE_STANDARD = gnu11;
				GCC_NO_COMMON_BLOCKS = YES;
				GCC_WARN_64_TO_32_BIT_CONVERSION = YES;
				GCC_WARN_ABOUT_RETURN_TYPE = YES_ERROR;
				GCC_WARN_UNDECLARED_SELECTOR = YES;
				GCC_WARN_UNINITIALIZED_AUTOS = YES_AGGRESSIVE;
				GCC_WARN_UNUSED_FUNCTION = YES;
				GCC_WARN_UNUSED_VARIABLE = YES;
				IPHONEOS_DEPLOYMENT_TARGET = 12.0;
				MTL_ENABLE_DEBUG_INFO = NO;
				MTL_FAST_MATH = YES;
				SDKROOT = iphoneos;
				SWIFT_COMPILATION_MODE = wholemodule;
				SWIFT_OPTIMIZATION_LEVEL = "-O";
				VALIDATE_PRODUCT = YES;
			};
			name = Release;
		};
		8DA7685A217AD30B0034A419 /* Debug */ = {
			isa = XCBuildConfiguration;
			buildSettings = {
				ASSETCATALOG_COMPILER_APPICON_NAME = AppIcon;
				CODE_SIGN_IDENTITY = "iPhone Developer";
				CODE_SIGN_STYLE = Automatic;
				DEVELOPMENT_TEAM = 7YB4SK3UWH;
				INFOPLIST_FILE = LectorRSS/Info.plist;
				IPHONEOS_DEPLOYMENT_TARGET = 10.0;
				LD_RUNPATH_SEARCH_PATHS = (
					"$(inherited)",
					"@executable_path/Frameworks",
				);
				PRODUCT_BUNDLE_IDENTIFIER = "com.garagedev.lector-rss";
				PRODUCT_NAME = "$(TARGET_NAME)";
				PROVISIONING_PROFILE_SPECIFIER = "";
				SWIFT_VERSION = 4.2;
				TARGETED_DEVICE_FAMILY = "1,2";
			};
			name = Debug;
		};
		8DA7685B217AD30B0034A419 /* Release */ = {
			isa = XCBuildConfiguration;
			buildSettings = {
				ASSETCATALOG_COMPILER_APPICON_NAME = AppIcon;
				CODE_SIGN_IDENTITY = "iPhone Developer";
				CODE_SIGN_STYLE = Automatic;
				DEVELOPMENT_TEAM = 7YB4SK3UWH;
				INFOPLIST_FILE = LectorRSS/Info.plist;
				IPHONEOS_DEPLOYMENT_TARGET = 10.0;
				LD_RUNPATH_SEARCH_PATHS = (
					"$(inherited)",
					"@executable_path/Frameworks",
				);
				PRODUCT_BUNDLE_IDENTIFIER = "com.garagedev.lector-rss";
				PRODUCT_NAME = "$(TARGET_NAME)";
				PROVISIONING_PROFILE_SPECIFIER = "";
				SWIFT_VERSION = 4.2;
				TARGETED_DEVICE_FAMILY = "1,2";
			};
			name = Release;
		};
		8DA7685D217AD30B0034A419 /* Debug */ = {
			isa = XCBuildConfiguration;
			buildSettings = {
				ALWAYS_EMBED_SWIFT_STANDARD_LIBRARIES = YES;
				BUNDLE_LOADER = "$(TEST_HOST)";
				CODE_SIGN_STYLE = Automatic;
				DEVELOPMENT_TEAM = 96XZU357NF;
				INFOPLIST_FILE = LectorRSSTests/Info.plist;
				LD_RUNPATH_SEARCH_PATHS = (
					"$(inherited)",
					"@executable_path/Frameworks",
					"@loader_path/Frameworks",
				);
				PRODUCT_BUNDLE_IDENTIFIER = com.ccc.LectorRSSTests;
				PRODUCT_NAME = "$(TARGET_NAME)";
				SWIFT_VERSION = 4.2;
				TARGETED_DEVICE_FAMILY = "1,2";
				TEST_HOST = "$(BUILT_PRODUCTS_DIR)/LectorRSS.app/LectorRSS";
			};
			name = Debug;
		};
		8DA7685E217AD30B0034A419 /* Release */ = {
			isa = XCBuildConfiguration;
			buildSettings = {
				ALWAYS_EMBED_SWIFT_STANDARD_LIBRARIES = YES;
				BUNDLE_LOADER = "$(TEST_HOST)";
				CODE_SIGN_STYLE = Automatic;
				DEVELOPMENT_TEAM = 96XZU357NF;
				INFOPLIST_FILE = LectorRSSTests/Info.plist;
				LD_RUNPATH_SEARCH_PATHS = (
					"$(inherited)",
					"@executable_path/Frameworks",
					"@loader_path/Frameworks",
				);
				PRODUCT_BUNDLE_IDENTIFIER = com.ccc.LectorRSSTests;
				PRODUCT_NAME = "$(TARGET_NAME)";
				SWIFT_VERSION = 4.2;
				TARGETED_DEVICE_FAMILY = "1,2";
				TEST_HOST = "$(BUILT_PRODUCTS_DIR)/LectorRSS.app/LectorRSS";
			};
			name = Release;
		};
		8DA76860217AD30B0034A419 /* Debug */ = {
			isa = XCBuildConfiguration;
			buildSettings = {
				ALWAYS_EMBED_SWIFT_STANDARD_LIBRARIES = YES;
				CODE_SIGN_STYLE = Automatic;
				DEVELOPMENT_TEAM = 96XZU357NF;
				INFOPLIST_FILE = LectorRSSUITests/Info.plist;
				LD_RUNPATH_SEARCH_PATHS = (
					"$(inherited)",
					"@executable_path/Frameworks",
					"@loader_path/Frameworks",
				);
				PRODUCT_BUNDLE_IDENTIFIER = com.ccc.LectorRSSUITests;
				PRODUCT_NAME = "$(TARGET_NAME)";
				SWIFT_VERSION = 4.2;
				TARGETED_DEVICE_FAMILY = "1,2";
				TEST_TARGET_NAME = LectorRSS;
			};
			name = Debug;
		};
		8DA76861217AD30B0034A419 /* Release */ = {
			isa = XCBuildConfiguration;
			buildSettings = {
				ALWAYS_EMBED_SWIFT_STANDARD_LIBRARIES = YES;
				CODE_SIGN_STYLE = Automatic;
				DEVELOPMENT_TEAM = 96XZU357NF;
				INFOPLIST_FILE = LectorRSSUITests/Info.plist;
				LD_RUNPATH_SEARCH_PATHS = (
					"$(inherited)",
					"@executable_path/Frameworks",
					"@loader_path/Frameworks",
				);
				PRODUCT_BUNDLE_IDENTIFIER = com.ccc.LectorRSSUITests;
				PRODUCT_NAME = "$(TARGET_NAME)";
				SWIFT_VERSION = 4.2;
				TARGETED_DEVICE_FAMILY = "1,2";
				TEST_TARGET_NAME = LectorRSS;
			};
			name = Release;
		};
/* End XCBuildConfiguration section */

/* Begin XCConfigurationList section */
		8DA76829217AD3050034A419 /* Build configuration list for PBXProject "LectorRSS" */ = {
			isa = XCConfigurationList;
			buildConfigurations = (
				8DA76857217AD30B0034A419 /* Debug */,
				8DA76858217AD30B0034A419 /* Release */,
			);
			defaultConfigurationIsVisible = 0;
			defaultConfigurationName = Release;
		};
		8DA76859217AD30B0034A419 /* Build configuration list for PBXNativeTarget "LectorRSS" */ = {
			isa = XCConfigurationList;
			buildConfigurations = (
				8DA7685A217AD30B0034A419 /* Debug */,
				8DA7685B217AD30B0034A419 /* Release */,
			);
			defaultConfigurationIsVisible = 0;
			defaultConfigurationName = Release;
		};
		8DA7685C217AD30B0034A419 /* Build configuration list for PBXNativeTarget "LectorRSSTests" */ = {
			isa = XCConfigurationList;
			buildConfigurations = (
				8DA7685D217AD30B0034A419 /* Debug */,
				8DA7685E217AD30B0034A419 /* Release */,
			);
			defaultConfigurationIsVisible = 0;
			defaultConfigurationName = Release;
		};
		8DA7685F217AD30B0034A419 /* Build configuration list for PBXNativeTarget "LectorRSSUITests" */ = {
			isa = XCConfigurationList;
			buildConfigurations = (
				8DA76860217AD30B0034A419 /* Debug */,
				8DA76861217AD30B0034A419 /* Release */,
			);
			defaultConfigurationIsVisible = 0;
			defaultConfigurationName = Release;
		};
/* End XCConfigurationList section */

/* Begin XCVersionGroup section */
		8DA76838217AD3060034A419 /* LectorRSS.xcdatamodeld */ = {
			isa = XCVersionGroup;
			children = (
				8DA76839217AD3060034A419 /* LectorRSS.xcdatamodel */,
			);
			currentVersion = 8DA76839217AD3060034A419 /* LectorRSS.xcdatamodel */;
			path = LectorRSS.xcdatamodeld;
			sourceTree = "<group>";
			versionGroupType = wrapper.xcdatamodel;
		};
/* End XCVersionGroup section */
	};
	rootObject = 8DA76826217AD3050034A419 /* Project object */;
}
